{
  "requires": true,
  "lockfileVersion": 1,
  "dependencies": {
    "aframe-extras.animation-mixer": {
      "version": "4.1.2",
      "resolved": "https://registry.npmjs.org/aframe-extras.animation-mixer/-/aframe-extras.animation-mixer-4.1.2.tgz",
      "integrity": "sha512-AIWhmijuovhEr3ZFNO73iZb36UiuFIJf5QuG/E3qindskzqtvdHXdhPg5zswdKi3z2mY8Oyq2a/L9lSLcCGs6Q=="
    }
  }
}
